<?xml version="1.0" encoding="utf-8"?>
<Project ToolsVersion="4.0" xmlns="http://schemas.microsoft.com/developer/msbuild/2003">
  <ItemGroup>
    <ClCompile Include="billboard.cpp" />
    <ClCompile Include="block.cpp" />
    <ClCompile Include="camera.cpp" />
    <ClCompile Include="fade.cpp" />
    <ClCompile Include="game.cpp" />
    <ClCompile Include="input.cpp" />
    <ClCompile Include="item.cpp" />
    <ClCompile Include="light.cpp" />
    <ClCompile Include="main.cpp" />
    <ClCompile Include="meshfield.cpp" />
    <ClCompile Include="meshwall.cpp" />
    <ClCompile Include="model.cpp" />
    <ClCompile Include="motion.cpp" />
    <ClCompile Include="pause.cpp" />
    <ClCompile Include="player.cpp" />
    <ClCompile Include="ranking.cpp" />
    <ClCompile Include="result.cpp" />
    <ClCompile Include="score.cpp" />
    <ClCompile Include="stage.cpp" />
    <ClCompile Include="time.cpp" />
    <ClCompile Include="title.cpp" />
    <ClCompile Include="title3D.cpp" />
    <ClCompile Include="tutrial.cpp" />
    <ClCompile Include="enemy.cpp" />
    <ClCompile Include="slow.cpp" />
    <ClCompile Include="edit.cpp" />
    <ClCompile Include="gimmick.cpp" />
    <ClCompile Include="UI.cpp" />
    <ClCompile Include="ItemUI.cpp" />
    <ClCompile Include="noise.cpp" />
    <ClCompile Include="gauge.cpp" />
    <ClCompile Include="KeyUI.cpp" />
    <ClCompile Include="stamina.cpp" />
    <ClCompile Include="Recovery.cpp" />
    <ClCompile Include="sound.cpp" />
    <ClCompile Include="Cancellation.cpp" />
    <ClCompile Include="viewportwaku.cpp" />
    <ClCompile Include="unlock.cpp" />
    <ClCompile Include="pickupUI.cpp" />
    <ClCompile Include="buttonUI.cpp" />
    <ClCompile Include="BloodSplatter.cpp" />
    <ClCompile Include="etcUI.cpp" />
    <ClCompile Include="objective.cpp" />
    <ClCompile Include="flashlight.cpp" />
    <ClCompile Include="explain.cpp" />
    <ClCompile Include="Particle.cpp" />
    <ClCompile Include="effect.cpp" />
    <ClCompile Include="bloodflash.cpp" />
  </ItemGroup>
  <ItemGroup>
    <ClInclude Include="billboard.h" />
    <ClInclude Include="block.h" />
    <ClInclude Include="camera.h" />
    <ClInclude Include="fade.h" />
    <ClInclude Include="game.h" />
    <ClInclude Include="input.h" />
    <ClInclude Include="item.h" />
    <ClInclude Include="light.h" />
    <ClInclude Include="main.h" />
    <ClInclude Include="meshfield.h" />
    <ClInclude Include="meshwall.h" />
    <ClInclude Include="model.h" />
    <ClInclude Include="motion.h" />
    <ClInclude Include="pause.h" />
    <ClInclude Include="player.h" />
    <ClInclude Include="ranking.h" />
    <ClInclude Include="result.h" />
    <ClInclude Include="score.h" />
    <ClInclude Include="stage.h" />
    <ClInclude Include="time.h" />
    <ClInclude Include="title.h" />
    <ClInclude Include="title3D.h" />
    <ClInclude Include="tutrial.h" />
    <ClInclude Include="enemy.h" />
    <ClInclude Include="slow.h" />
    <ClInclude Include="edit.h" />
    <ClInclude Include="gimmick.h" />
    <ClInclude Include="BloodSplatter.h" />
    <ClInclude Include="UI.h" />
    <ClInclude Include="ItemUI.h" />
    <ClInclude Include="noise.h" />
    <ClInclude Include="gauge.h" />
    <ClInclude Include="KeyUI.h" />
    <ClInclude Include="stamina.h" />
    <ClInclude Include="Recovery.h" />
    <ClInclude Include="sound.h" />
    <ClInclude Include="Cancellation.h" />
    <ClInclude Include="viewportwaku.h" />
    <ClInclude Include="unlock.h" />
    <ClInclude Include="pickupUI.h" />
    <ClInclude Include="buttonUI.h" />
    <ClInclude Include="etcUI.h" />
    <ClInclude Include="objective.h" />
    <ClInclude Include="flashlight.h" />
    <ClInclude Include="explain.h" />
    <ClInclude Include="Particle.h" />
    <ClInclude Include="effect.h" />
    <ClInclude Include="bloodflash.h" />
  </ItemGroup>
  <ItemGroup>
    <Text Include="player.txt" />
  </ItemGroup>
</Project>