<?xml version="1.0" encoding="utf-8"?>
<Project ToolsVersion="4.0" xmlns="http://schemas.microsoft.com/developer/msbuild/2003">
  <ItemGroup>
    <Filter Include="ソース ファイル">
      <UniqueIdentifier>{4FC737F1-C7A5-4376-A066-2A32D752A2FF}</UniqueIdentifier>
      <Extensions>cpp;c;cc;cxx;c++;cppm;ixx;def;odl;idl;hpj;bat;asm;asmx</Extensions>
    </Filter>
    <Filter Include="ヘッダー ファイル">
      <UniqueIdentifier>{93995380-89BD-4b04-88EB-625FBE52EBFB}</UniqueIdentifier>
      <Extensions>h;hh;hpp;hxx;h++;hm;inl;inc;ipp;xsd</Extensions>
    </Filter>
    <Filter Include="リソース ファイル">
      <UniqueIdentifier>{67DA6AB6-F800-4c08-8B7A-83BB121AAD01}</UniqueIdentifier>
      <Extensions>rc;ico;cur;bmp;dlg;rc2;rct;bin;rgs;gif;jpg;jpeg;jpe;resx;tiff;tif;png;wav;mfcribbon-ms</Extensions>
    </Filter>
  </ItemGroup>
  <ItemGroup>
    <ClCompile Include="railblock.cpp">
      <Filter>ソース ファイル</Filter>
    </ClCompile>
    <ClCompile Include="camera.cpp">
      <Filter>ソース ファイル</Filter>
    </ClCompile>
    <ClCompile Include="debugproc.cpp">
      <Filter>ソース ファイル</Filter>
    </ClCompile>
    <ClCompile Include="input.cpp">
      <Filter>ソース ファイル</Filter>
    </ClCompile>
    <ClCompile Include="lifeUI.cpp">
      <Filter>ソース ファイル</Filter>
    </ClCompile>
    <ClCompile Include="light.cpp">
      <Filter>ソース ファイル</Filter>
    </ClCompile>
    <ClCompile Include="main.cpp">
      <Filter>ソース ファイル</Filter>
    </ClCompile>
    <ClCompile Include="manager.cpp">
      <Filter>ソース ファイル</Filter>
    </ClCompile>
    <ClCompile Include="mesh.cpp">
      <Filter>ソース ファイル</Filter>
    </ClCompile>
    <ClCompile Include="model.cpp">
      <Filter>ソース ファイル</Filter>
    </ClCompile>
    <ClCompile Include="motion.cpp">
      <Filter>ソース ファイル</Filter>
    </ClCompile>
    <ClCompile Include="number.cpp">
      <Filter>ソース ファイル</Filter>
    </ClCompile>
    <ClCompile Include="object.cpp">
      <Filter>ソース ファイル</Filter>
    </ClCompile>
    <ClCompile Include="object2D.cpp">
      <Filter>ソース ファイル</Filter>
    </ClCompile>
    <ClCompile Include="object2DMulti.cpp">
      <Filter>ソース ファイル</Filter>
    </ClCompile>
    <ClCompile Include="object3D.cpp">
      <Filter>ソース ファイル</Filter>
    </ClCompile>
    <ClCompile Include="objectBillboard.cpp">
      <Filter>ソース ファイル</Filter>
    </ClCompile>
    <ClCompile Include="objectX.cpp">
      <Filter>ソース ファイル</Filter>
    </ClCompile>
    <ClCompile Include="particle.cpp">
      <Filter>ソース ファイル</Filter>
    </ClCompile>
    <ClCompile Include="pause.cpp">
      <Filter>ソース ファイル</Filter>
    </ClCompile>
    <ClCompile Include="player.cpp">
      <Filter>ソース ファイル</Filter>
    </ClCompile>
    <ClCompile Include="rail.cpp">
      <Filter>ソース ファイル</Filter>
    </ClCompile>
    <ClCompile Include="renderer.cpp">
      <Filter>ソース ファイル</Filter>
    </ClCompile>
    <ClCompile Include="score.cpp">
      <Filter>ソース ファイル</Filter>
    </ClCompile>
    <ClCompile Include="sound.cpp">
      <Filter>ソース ファイル</Filter>
    </ClCompile>
    <ClCompile Include="texture.cpp">
      <Filter>ソース ファイル</Filter>
    </ClCompile>
    <ClCompile Include="timer.cpp">
      <Filter>ソース ファイル</Filter>
    </ClCompile>
    <ClCompile Include="Xmodel.cpp">
      <Filter>ソース ファイル</Filter>
    </ClCompile>
    <ClCompile Include="enemy.cpp">
      <Filter>ソース ファイル</Filter>
    </ClCompile>
    <ClCompile Include="state.cpp">
      <Filter>ソース ファイル</Filter>
    </ClCompile>
    <ClCompile Include="shadowS.cpp">
      <Filter>ソース ファイル</Filter>
    </ClCompile>
    <ClCompile Include="enemychild.cpp">
      <Filter>ソース ファイル</Filter>
    </ClCompile>
    <ClCompile Include="enemyState.cpp">
      <Filter>ソース ファイル</Filter>
    </ClCompile>
    <ClCompile Include="scene.cpp">
      <Filter>ソース ファイル</Filter>
    </ClCompile>
    <ClCompile Include="game.cpp">
      <Filter>ソース ファイル</Filter>
    </ClCompile>
    <ClCompile Include="title.cpp">
      <Filter>ソース ファイル</Filter>
    </ClCompile>
    <ClCompile Include="effect.cpp">
      <Filter>ソース ファイル</Filter>
    </ClCompile>
    <ClCompile Include="bolt.cpp">
      <Filter>ソース ファイル</Filter>
    </ClCompile>
    <ClCompile Include="block.cpp">
      <Filter>ソース ファイル</Filter>
    </ClCompile>
    <ClCompile Include="attackbolt.cpp">
      <Filter>ソース ファイル</Filter>
    </ClCompile>
    <ClCompile Include="wave.cpp">
      <Filter>ソース ファイル</Filter>
    </ClCompile>
    <ClCompile Include="batterydown.cpp">
      <Filter>ソース ファイル</Filter>
    </ClCompile>
    <ClCompile Include="titleUI.cpp">
      <Filter>ソース ファイル</Filter>
    </ClCompile>
    <ClCompile Include="titleSegway.cpp">
      <Filter>ソース ファイル</Filter>
    </ClCompile>
    <ClCompile Include="stand.cpp">
      <Filter>ソース ファイル</Filter>
    </ClCompile>
    <ClCompile Include="stanUI.cpp">
      <Filter>ソース ファイル</Filter>
    </ClCompile>
    <ClCompile Include="numbermulti.cpp">
      <Filter>ソース ファイル</Filter>
    </ClCompile>
    <ClCompile Include="combo.cpp">
      <Filter>ソース ファイル</Filter>
    </ClCompile>
    <ClCompile Include="slow.cpp">
      <Filter>ソース ファイル</Filter>
    </ClCompile>
    <ClCompile Include="blurManager.cpp">
      <Filter>ソース ファイル</Filter>
    </ClCompile>
    <ClCompile Include="result.cpp">
      <Filter>ソース ファイル</Filter>
    </ClCompile>
    <ClCompile Include="resultUI.cpp">
      <Filter>ソース ファイル</Filter>
    </ClCompile>
    <ClCompile Include="pch.cpp">
      <Filter>ソース ファイル</Filter>
    </ClCompile>
    <ClCompile Include="smoke.cpp">
      <Filter>ソース ファイル</Filter>
    </ClCompile>
    <ClCompile Include="smokeParticle.cpp">
      <Filter>ソース ファイル</Filter>
    </ClCompile>
    <ClCompile Include="startUI.cpp">
      <Filter>ソース ファイル</Filter>
    </ClCompile>
    <ClCompile Include="blockManager.cpp">
      <Filter>ソース ファイル</Filter>
    </ClCompile>
    <ClCompile Include="resultScore.cpp">
      <Filter>ソース ファイル</Filter>
    </ClCompile>
    <ClCompile Include="defenceResult.cpp">
      <Filter>ソース ファイル</Filter>
    </ClCompile>
    <ClCompile Include="rank.cpp">
      <Filter>ソース ファイル</Filter>
    </ClCompile>
    <ClCompile Include="orbit.cpp">
      <Filter>ソース ファイル</Filter>
    </ClCompile>
    <ClCompile Include="bonus.cpp">
      <Filter>ソース ファイル</Filter>
    </ClCompile>
    <ClCompile Include="timeBonus.cpp">
      <Filter>ソース ファイル</Filter>
    </ClCompile>
    <ClCompile Include="edit.cpp">
      <Filter>ソース ファイル</Filter>
    </ClCompile>
    <ClCompile Include="editcamera.cpp">
      <Filter>ソース ファイル</Filter>
    </ClCompile>
    <ClCompile Include="editmesh.cpp">
      <Filter>ソース ファイル</Filter>
    </ClCompile>
    <ClCompile Include="pauseManager.cpp">
      <Filter>ソース ファイル</Filter>
    </ClCompile>
    <ClCompile Include="skydoom.cpp">
      <Filter>ソース ファイル</Filter>
    </ClCompile>
    <ClCompile Include="humansatellite.cpp">
      <Filter>ソース ファイル</Filter>
    </ClCompile>
    <ClCompile Include="jem.cpp">
      <Filter>ソース ファイル</Filter>
    </ClCompile>
    <ClCompile Include="fence.cpp">
      <Filter>ソース ファイル</Filter>
    </ClCompile>
    <ClCompile Include="snagManager.cpp">
      <Filter>ソース ファイル</Filter>
    </ClCompile>
    <ClCompile Include="item.cpp">
      <Filter>ソース ファイル</Filter>
    </ClCompile>
    <ClCompile Include="itemskill.cpp">
      <Filter>ソース ファイル</Filter>
    </ClCompile>
    <ClCompile Include="itemmanager.cpp">
      <Filter>ソース ファイル</Filter>
    </ClCompile>
    <ClCompile Include="adjust.cpp">
      <Filter>ソース ファイル</Filter>
    </ClCompile>
    <ClCompile Include="adjustUI.cpp">
      <Filter>ソース ファイル</Filter>
    </ClCompile>
    <ClCompile Include="fade.cpp">
      <Filter>ソース ファイル</Filter>
    </ClCompile>
    <ClCompile Include="railmesh.cpp">
      <Filter>ソース ファイル</Filter>
    </ClCompile>
    <ClCompile Include="jempiece.cpp">
      <Filter>ソース ファイル</Filter>
    </ClCompile>
    <ClCompile Include="pieceparticle.cpp">
      <Filter>ソース ファイル</Filter>
    </ClCompile>
    <ClCompile Include="gatherparticle.cpp">
      <Filter>ソース ファイル</Filter>
    </ClCompile>
    <ClCompile Include="gatherEffect.cpp">
      <Filter>ソース ファイル</Filter>
    </ClCompile>
    <ClCompile Include="sparkEffect.cpp">
      <Filter>ソース ファイル</Filter>
    </ClCompile>
    <ClCompile Include="sparkParticle.cpp">
      <Filter>ソース ファイル</Filter>
    </ClCompile>
    <ClCompile Include="railManager.cpp">
      <Filter>ソース ファイル</Filter>
    </ClCompile>
    <ClCompile Include="railEffect.cpp">
      <Filter>ソース ファイル</Filter>
    </ClCompile>
    <ClCompile Include="chargeEffect.cpp">
      <Filter>ソース ファイル</Filter>
    </ClCompile>
    <ClCompile Include="reverse.cpp">
      <Filter>ソース ファイル</Filter>
    </ClCompile>
    <ClCompile Include="tutorial.cpp">
      <Filter>ソース ファイル</Filter>
    </ClCompile>
    <ClCompile Include="tutorialUI.cpp">
      <Filter>ソース ファイル</Filter>
    </ClCompile>
    <ClCompile Include="enemyLifeManager.cpp">
      <Filter>ソース ファイル</Filter>
    </ClCompile>
    <ClCompile Include="enemyLifeUI.cpp">
      <Filter>ソース ファイル</Filter>
    </ClCompile>
    <ClCompile Include="controllerUI.cpp">
      <Filter>ソース ファイル</Filter>
    </ClCompile>
    <ClCompile Include="tutorialCheck.cpp">
      <Filter>ソース ファイル</Filter>
    </ClCompile>
    <ClCompile Include="tutorialPlayer.cpp">
      <Filter>ソース ファイル</Filter>
    </ClCompile>
    <ClCompile Include="tutorialRail.cpp">
      <Filter>ソース ファイル</Filter>
    </ClCompile>
    <ClCompile Include="skip.cpp">
      <Filter>ソース ファイル</Filter>
    </ClCompile>
    <ClCompile Include="tutorialEnemy.cpp">
      <Filter>ソース ファイル</Filter>
    </ClCompile>
    <ClCompile Include="target.cpp">
      <Filter>ソース ファイル</Filter>
    </ClCompile>
  </ItemGroup>
  <ItemGroup>
    <ClInclude Include="railblock.h">
      <Filter>ヘッダー ファイル</Filter>
    </ClInclude>
    <ClInclude Include="camera.h">
      <Filter>ヘッダー ファイル</Filter>
    </ClInclude>
    <ClInclude Include="debugproc.h">
      <Filter>ヘッダー ファイル</Filter>
    </ClInclude>
    <ClInclude Include="input.h">
      <Filter>ヘッダー ファイル</Filter>
    </ClInclude>
    <ClInclude Include="json.hpp">
      <Filter>ヘッダー ファイル</Filter>
    </ClInclude>
    <ClInclude Include="lifeUI.h">
      <Filter>ヘッダー ファイル</Filter>
    </ClInclude>
    <ClInclude Include="light.h">
      <Filter>ヘッダー ファイル</Filter>
    </ClInclude>
    <ClInclude Include="main.h">
      <Filter>ヘッダー ファイル</Filter>
    </ClInclude>
    <ClInclude Include="manager.h">
      <Filter>ヘッダー ファイル</Filter>
    </ClInclude>
    <ClInclude Include="mesh.h">
      <Filter>ヘッダー ファイル</Filter>
    </ClInclude>
    <ClInclude Include="model.h">
      <Filter>ヘッダー ファイル</Filter>
    </ClInclude>
    <ClInclude Include="motion.h">
      <Filter>ヘッダー ファイル</Filter>
    </ClInclude>
    <ClInclude Include="number.h">
      <Filter>ヘッダー ファイル</Filter>
    </ClInclude>
    <ClInclude Include="object.h">
      <Filter>ヘッダー ファイル</Filter>
    </ClInclude>
    <ClInclude Include="object2D.h">
      <Filter>ヘッダー ファイル</Filter>
    </ClInclude>
    <ClInclude Include="object2DMulti.h">
      <Filter>ヘッダー ファイル</Filter>
    </ClInclude>
    <ClInclude Include="object3D.h">
      <Filter>ヘッダー ファイル</Filter>
    </ClInclude>
    <ClInclude Include="objectBillboard.h">
      <Filter>ヘッダー ファイル</Filter>
    </ClInclude>
    <ClInclude Include="objectX.h">
      <Filter>ヘッダー ファイル</Filter>
    </ClInclude>
    <ClInclude Include="particle.h">
      <Filter>ヘッダー ファイル</Filter>
    </ClInclude>
    <ClInclude Include="pause.h">
      <Filter>ヘッダー ファイル</Filter>
    </ClInclude>
    <ClInclude Include="player.h">
      <Filter>ヘッダー ファイル</Filter>
    </ClInclude>
    <ClInclude Include="rail.h">
      <Filter>ヘッダー ファイル</Filter>
    </ClInclude>
    <ClInclude Include="renderer.h">
      <Filter>ヘッダー ファイル</Filter>
    </ClInclude>
    <ClInclude Include="score.h">
      <Filter>ヘッダー ファイル</Filter>
    </ClInclude>
    <ClInclude Include="sound.h">
      <Filter>ヘッダー ファイル</Filter>
    </ClInclude>
    <ClInclude Include="texture.h">
      <Filter>ヘッダー ファイル</Filter>
    </ClInclude>
    <ClInclude Include="timer.h">
      <Filter>ヘッダー ファイル</Filter>
    </ClInclude>
    <ClInclude Include="Xmodel.h">
      <Filter>ヘッダー ファイル</Filter>
    </ClInclude>
    <ClInclude Include="enemy.h">
      <Filter>ヘッダー ファイル</Filter>
    </ClInclude>
    <ClInclude Include="state.h">
      <Filter>ヘッダー ファイル</Filter>
    </ClInclude>
    <ClInclude Include="shadowS.h">
      <Filter>ヘッダー ファイル</Filter>
    </ClInclude>
    <ClInclude Include="enemychild.h">
      <Filter>ヘッダー ファイル</Filter>
    </ClInclude>
    <ClInclude Include="enemyState.h">
      <Filter>ヘッダー ファイル</Filter>
    </ClInclude>
    <ClInclude Include="scene.h">
      <Filter>ヘッダー ファイル</Filter>
    </ClInclude>
    <ClInclude Include="game.h">
      <Filter>ヘッダー ファイル</Filter>
    </ClInclude>
    <ClInclude Include="title.h">
      <Filter>ヘッダー ファイル</Filter>
    </ClInclude>
    <ClInclude Include="effect.h">
      <Filter>ヘッダー ファイル</Filter>
    </ClInclude>
    <ClInclude Include="bolt.h">
      <Filter>ヘッダー ファイル</Filter>
    </ClInclude>
    <ClInclude Include="block.h">
      <Filter>ヘッダー ファイル</Filter>
    </ClInclude>
    <ClInclude Include="attackbolt.h">
      <Filter>ヘッダー ファイル</Filter>
    </ClInclude>
    <ClInclude Include="wave.h">
      <Filter>ヘッダー ファイル</Filter>
    </ClInclude>
    <ClInclude Include="batterydown.h">
      <Filter>ヘッダー ファイル</Filter>
    </ClInclude>
    <ClInclude Include="titleUI.h">
      <Filter>ヘッダー ファイル</Filter>
    </ClInclude>
    <ClInclude Include="titleSegway.h">
      <Filter>ヘッダー ファイル</Filter>
    </ClInclude>
    <ClInclude Include="stand.h">
      <Filter>ヘッダー ファイル</Filter>
    </ClInclude>
    <ClInclude Include="stanUI.h">
      <Filter>ヘッダー ファイル</Filter>
    </ClInclude>
    <ClInclude Include="numbermulti.h">
      <Filter>ヘッダー ファイル</Filter>
    </ClInclude>
    <ClInclude Include="combo.h">
      <Filter>ヘッダー ファイル</Filter>
    </ClInclude>
    <ClInclude Include="slow.h">
      <Filter>ヘッダー ファイル</Filter>
    </ClInclude>
    <ClInclude Include="blurManager.h">
      <Filter>ヘッダー ファイル</Filter>
    </ClInclude>
    <ClInclude Include="reslut.h">
      <Filter>ヘッダー ファイル</Filter>
    </ClInclude>
    <ClInclude Include="resultUI.h">
      <Filter>ヘッダー ファイル</Filter>
    </ClInclude>
    <ClInclude Include="pch.h">
      <Filter>ヘッダー ファイル</Filter>
    </ClInclude>
    <ClInclude Include="smoke.h">
      <Filter>ヘッダー ファイル</Filter>
    </ClInclude>
    <ClInclude Include="smokeParticle.h">
      <Filter>ヘッダー ファイル</Filter>
    </ClInclude>
    <ClInclude Include="startUI.h">
      <Filter>ヘッダー ファイル</Filter>
    </ClInclude>
    <ClInclude Include="blockManager.h">
      <Filter>ヘッダー ファイル</Filter>
    </ClInclude>
    <ClInclude Include="resultScore.h">
      <Filter>ヘッダー ファイル</Filter>
    </ClInclude>
    <ClInclude Include="defenceResult.h">
      <Filter>ヘッダー ファイル</Filter>
    </ClInclude>
    <ClInclude Include="rank.h">
      <Filter>ヘッダー ファイル</Filter>
    </ClInclude>
    <ClInclude Include="orbit.h">
      <Filter>ヘッダー ファイル</Filter>
    </ClInclude>
    <ClInclude Include="bonus.h">
      <Filter>ヘッダー ファイル</Filter>
    </ClInclude>
    <ClInclude Include="timeBonus.h">
      <Filter>ヘッダー ファイル</Filter>
    </ClInclude>
    <ClInclude Include="edit.h">
      <Filter>ヘッダー ファイル</Filter>
    </ClInclude>
    <ClInclude Include="editcamera.h">
      <Filter>ヘッダー ファイル</Filter>
    </ClInclude>
    <ClInclude Include="editmesh.h">
      <Filter>ヘッダー ファイル</Filter>
    </ClInclude>
    <ClInclude Include="pauseManager.h">
      <Filter>ヘッダー ファイル</Filter>
    </ClInclude>
    <ClInclude Include="skydoom.h">
      <Filter>ヘッダー ファイル</Filter>
    </ClInclude>
    <ClInclude Include="humansatellite.h">
      <Filter>ヘッダー ファイル</Filter>
    </ClInclude>
    <ClInclude Include="jem.h">
      <Filter>ヘッダー ファイル</Filter>
    </ClInclude>
    <ClInclude Include="fence.h">
      <Filter>ヘッダー ファイル</Filter>
    </ClInclude>
    <ClInclude Include="snagManager.h">
      <Filter>ヘッダー ファイル</Filter>
    </ClInclude>
    <ClInclude Include="item.h">
      <Filter>ヘッダー ファイル</Filter>
    </ClInclude>
    <ClInclude Include="itemskill.h">
      <Filter>ヘッダー ファイル</Filter>
    </ClInclude>
    <ClInclude Include="itemmanager.h">
      <Filter>ヘッダー ファイル</Filter>
    </ClInclude>
    <ClInclude Include="adjust.h">
      <Filter>ヘッダー ファイル</Filter>
    </ClInclude>
    <ClInclude Include="adjustUI.h">
      <Filter>ヘッダー ファイル</Filter>
    </ClInclude>
    <ClInclude Include="fade.h">
      <Filter>ヘッダー ファイル</Filter>
    </ClInclude>
    <ClInclude Include="railmesh.h">
      <Filter>ヘッダー ファイル</Filter>
    </ClInclude>
    <ClInclude Include="jempiece.h">
      <Filter>ヘッダー ファイル</Filter>
    </ClInclude>
    <ClInclude Include="pieceparticle.h">
      <Filter>ヘッダー ファイル</Filter>
    </ClInclude>
    <ClInclude Include="gatherparticle.h">
      <Filter>ヘッダー ファイル</Filter>
    </ClInclude>
    <ClInclude Include="gatherEffect.h">
      <Filter>ヘッダー ファイル</Filter>
    </ClInclude>
    <ClInclude Include="sparkEffect.h">
      <Filter>ヘッダー ファイル</Filter>
    </ClInclude>
    <ClInclude Include="sparkParticle.h">
      <Filter>ヘッダー ファイル</Filter>
    </ClInclude>
    <ClInclude Include="railManager.h">
      <Filter>ヘッダー ファイル</Filter>
    </ClInclude>
    <ClInclude Include="railEffect.h">
      <Filter>ヘッダー ファイル</Filter>
    </ClInclude>
    <ClInclude Include="chargeEffect.h">
      <Filter>ヘッダー ファイル</Filter>
    </ClInclude>
    <ClInclude Include="reverse.h">
      <Filter>ヘッダー ファイル</Filter>
    </ClInclude>
    <ClInclude Include="tutorial.h">
      <Filter>ヘッダー ファイル</Filter>
    </ClInclude>
    <ClInclude Include="tutorialUI.h">
      <Filter>ヘッダー ファイル</Filter>
    </ClInclude>
    <ClInclude Include="enemyLifeManager.h">
      <Filter>ヘッダー ファイル</Filter>
    </ClInclude>
    <ClInclude Include="enemyLifeUI.h">
      <Filter>ヘッダー ファイル</Filter>
    </ClInclude>
    <ClInclude Include="controllerUI.h">
      <Filter>ヘッダー ファイル</Filter>
    </ClInclude>
    <ClInclude Include="tutorialCheck.h">
      <Filter>ヘッダー ファイル</Filter>
    </ClInclude>
    <ClInclude Include="tutorialPlayer.h">
      <Filter>ヘッダー ファイル</Filter>
    </ClInclude>
    <ClInclude Include="tutorialRail.h">
      <Filter>ヘッダー ファイル</Filter>
    </ClInclude>
    <ClInclude Include="skip.h">
      <Filter>ヘッダー ファイル</Filter>
    </ClInclude>
    <ClInclude Include="tutorialEnemy.h">
      <Filter>ヘッダー ファイル</Filter>
    </ClInclude>
    <ClInclude Include="target.h">
      <Filter>ヘッダー ファイル</Filter>
    </ClInclude>
  </ItemGroup>
</Project>